
Microsoft Visual Studio Solution File, Format Version 12.00
# Visual Studio Version 16
VisualStudioVersion = 16.0.32126.315
MinimumVisualStudioVersion = 10.0.40219.1
Project("{8BC9CEB8-8B4A-11D0-8D11-00A0C91BC942}") = "BypassSbieProcIsolate", "BypassSbieProcIsolate.vcxproj", "{AAC732F6-D8B1-43A6-8552-E9F26134EE7A}"
EndProject
Global
	GlobalSection(SolutionConfigurationPlatforms) = preSolution
		Debug|x64 = Debug|x64
		Debug|x86 = Debug|x86
		Release|x64 = Release|x64
		Release|x86 = Release|x86
	EndGlobalSection
	GlobalSection(ProjectConfigurationPlatforms) = postSolution
		{AAC732F6-D8B1-43A6-8552-E9F26134EE7A}.Debug|x64.ActiveCfg = Debug|x64
		{AAC732F6-D8B1-43A6-8552-E9F26134EE7A}.Debug|x64.Build.0 = Debug|x64
		{AAC732F6-D8B1-43A6-8552-E9F26134EE7A}.Debug|x86.ActiveCfg = Debug|Win32
		{AAC732F6-D8B1-43A6-8552-E9F26134EE7A}.Debug|x86.Build.0 = Debug|Win32
		{AAC732F6-D8B1-43A6-8552-E9F26134EE7A}.Release|x64.ActiveCfg = Release|x64
		{AAC732F6-D8B1-43A6-8552-E9F26134EE7A}.Release|x64.Build.0 = Release|x64
		{AAC732F6-D8B1-43A6-8552-E9F26134EE7A}.Release|x86.ActiveCfg = Release|Win32
		{AAC732F6-D8B1-43A6-8552-E9F26134EE7A}.Release|x86.Build.0 = Release|Win32
	EndGlobalSection
	GlobalSection(SolutionProperties) = preSolution
		HideSolutionNode = FALSE
	EndGlobalSection
	GlobalSection(ExtensibilityGlobals) = postSolution
		SolutionGuid = {DEDFABBF-A0F0-42CE-B9F4-29A7381C41D0}
	EndGlobalSection
EndGlobal
